terraform apply
docker_image.nginx: Refreshing state... [id=sha256:4cad75abc83d5ca6ee22053d85850676eaef657ee9d723d7bef61179e1e1e485nginx:latest]
docker_container.nginx_container: Refreshing state... [id=741a4f0d284b8c504bdc04baaca305462f7332b31efaa3693f41842331e5bd56]

Terraform used the selected providers to generate the following execution plan.
Resource actions are indicated with the following symbols:
  + create

Terraform will perform the following actions:

  # docker_container.nginx_container will be created
  + resource "docker_container" "nginx_container" {
      + attach                                      = false
      + bridge                                      = (known after apply)
      + command                                     = (known after apply)
      + container_logs                              = (known after apply)
      + container_read_refresh_timeout_milliseconds = 15000
      + entrypoint                                  = (known after apply)
      + env                                         = (known after apply)
      + exit_code                                   = (known after apply)
      + hostname                                    = (known after apply)
      + id                                          = (known after apply)
      + image                                       = "nginx:latest"
      + init                                        = (known after apply)
      + ipc_mode                                    = (known after apply)
      + log_driver                                  = (known after apply)
      + logs                                        = false
      + must_run                                    = true
      + name                                        = "nginx_terraform"
      + network_data                                = (known after apply)
      + read_only                                   = false
      + remove_volumes                              = true
      + restart                                     = "no"
      + rm                                          = false
      + runtime                                     = (known after apply)
      + security_opts                               = (known after apply)
      + shm_size                                    = (known after apply)
      + start                                       = true
      + stdin_open                                  = false
      + stop_signal                                 = (known after apply)
      + stop_timeout                                = (known after apply)
      + tty                                         = false
      + wait                                        = false
      + wait_timeout                                = 60

      + healthcheck (known after apply)

      + labels (known after apply)

      + ports {
          + external = 8081
          + internal = 80
          + ip       = "0.0.0.0"
          + protocol = "tcp"
        }
    }

Plan: 1 to add, 0 to change, 0 to destroy.

Do you want to perform these actions?
  Terraform will perform the actions described above.
  Only 'yes' will be accepted to approve.

  Enter a value: yes

docker_container.nginx_container: Creating...
docker_container.nginx_container: Creation complete after 1s [id=6a57162a8d61666c6d20fff3b11b8a77a6ffa187dd7c75e34fa1e16094e39c8b]

Apply complete! Resources: 1 added, 0 changed, 0 destroyed.
